
Microsoft Visual Studio Solution File, Format Version 12.00
# Visual Studio 15
VisualStudioVersion = 15.0.28307.421
MinimumVisualStudioVersion = 10.0.40219.1
Project("{FAE04EC0-301F-11D3-BF4B-00C04F79EFBC}") = "Stream", "Stream\Stream.csproj", "{2F9743E0-CD09-4024-BE0C-08F938E12118}"
EndProject
Global
	GlobalSection(SolutionConfigurationPlatforms) = preSolution
		Debug|Any CPU = Debug|Any CPU
		Release|Any CPU = Release|Any CPU
	EndGlobalSection
	GlobalSection(ProjectConfigurationPlatforms) = postSolution
		{2F9743E0-CD09-4024-BE0C-08F938E12118}.Debug|Any CPU.ActiveCfg = Debug|Any CPU
		{2F9743E0-CD09-4024-BE0C-08F938E12118}.Debug|Any CPU.Build.0 = Debug|Any CPU
		{2F9743E0-CD09-4024-BE0C-08F938E12118}.Release|Any CPU.ActiveCfg = Release|Any CPU
		{2F9743E0-CD09-4024-BE0C-08F938E12118}.Release|Any CPU.Build.0 = Release|Any CPU
	EndGlobalSection
	GlobalSection(SolutionProperties) = preSolution
		HideSolutionNode = FALSE
	EndGlobalSection
	GlobalSection(ExtensibilityGlobals) = postSolution
		SolutionGuid = {513769BD-47F1-4E05-9A54-EF5E8088054E}
	EndGlobalSection
EndGlobal
